
Microsoft Visual Studio Solution File, Format Version 12.00
# Visual Studio Version 17
VisualStudioVersion = 17.10.34916.146
MinimumVisualStudioVersion = 10.0.40219.1
Project("{FAE04EC0-301F-11D3-BF4B-00C04F79EFBC}") = "ConsoleApp1", "ConsoleApp1\ConsoleApp1.csproj", "{E73B1873-4C14-4B8B-8C12-F394E3183FB3}"
EndProject
Project("{FAE04EC0-301F-11D3-BF4B-00C04F79EFBC}") = "ConsoleApp2", "ConsoleApp2\ConsoleApp2.csproj", "{0C8D4336-BAFC-4218-A8F5-3290440A7A30}"
EndProject
Project("{FAE04EC0-301F-11D3-BF4B-00C04F79EFBC}") = "ConsoleApp3", "ConsoleApp3\ConsoleApp3.csproj", "{D839BBF2-00A3-4176-AFA7-00A3D067F052}"
EndProject
Project("{FAE04EC0-301F-11D3-BF4B-00C04F79EFBC}") = "ConsoleApp4", "ConsoleApp4\ConsoleApp4.csproj", "{126355F6-8CC4-4162-87A9-ABA45A08FD87}"
EndProject
Project("{FAE04EC0-301F-11D3-BF4B-00C04F79EFBC}") = "ConsoleApp5", "ConsoleApp5\ConsoleApp5.csproj", "{B67958E7-6746-4C16-9353-A6AEA7A82FD7}"
EndProject
Project("{FAE04EC0-301F-11D3-BF4B-00C04F79EFBC}") = "ConsoleApp6", "ConsoleApp6\ConsoleApp6.csproj", "{1E5D70E3-1B87-4F8E-BE3A-3F93BBFB98F5}"
EndProject
Project("{FAE04EC0-301F-11D3-BF4B-00C04F79EFBC}") = "ConsoleApp7", "ConsoleApp7\ConsoleApp7.csproj", "{601F9BE5-3165-4F0D-9527-750B84A772ED}"
EndProject
Global
	GlobalSection(SolutionConfigurationPlatforms) = preSolution
		Debug|Any CPU = Debug|Any CPU
		Release|Any CPU = Release|Any CPU
	EndGlobalSection
	GlobalSection(ProjectConfigurationPlatforms) = postSolution
		{E73B1873-4C14-4B8B-8C12-F394E3183FB3}.Debug|Any CPU.ActiveCfg = Debug|Any CPU
		{E73B1873-4C14-4B8B-8C12-F394E3183FB3}.Debug|Any CPU.Build.0 = Debug|Any CPU
		{E73B1873-4C14-4B8B-8C12-F394E3183FB3}.Release|Any CPU.ActiveCfg = Release|Any CPU
		{E73B1873-4C14-4B8B-8C12-F394E3183FB3}.Release|Any CPU.Build.0 = Release|Any CPU
		{0C8D4336-BAFC-4218-A8F5-3290440A7A30}.Debug|Any CPU.ActiveCfg = Debug|Any CPU
		{0C8D4336-BAFC-4218-A8F5-3290440A7A30}.Debug|Any CPU.Build.0 = Debug|Any CPU
		{0C8D4336-BAFC-4218-A8F5-3290440A7A30}.Release|Any CPU.ActiveCfg = Release|Any CPU
		{0C8D4336-BAFC-4218-A8F5-3290440A7A30}.Release|Any CPU.Build.0 = Release|Any CPU
		{D839BBF2-00A3-4176-AFA7-00A3D067F052}.Debug|Any CPU.ActiveCfg = Debug|Any CPU
		{D839BBF2-00A3-4176-AFA7-00A3D067F052}.Debug|Any CPU.Build.0 = Debug|Any CPU
		{D839BBF2-00A3-4176-AFA7-00A3D067F052}.Release|Any CPU.ActiveCfg = Release|Any CPU
		{D839BBF2-00A3-4176-AFA7-00A3D067F052}.Release|Any CPU.Build.0 = Release|Any CPU
		{126355F6-8CC4-4162-87A9-ABA45A08FD87}.Debug|Any CPU.ActiveCfg = Debug|Any CPU
		{126355F6-8CC4-4162-87A9-ABA45A08FD87}.Debug|Any CPU.Build.0 = Debug|Any CPU
		{126355F6-8CC4-4162-87A9-ABA45A08FD87}.Release|Any CPU.ActiveCfg = Release|Any CPU
		{126355F6-8CC4-4162-87A9-ABA45A08FD87}.Release|Any CPU.Build.0 = Release|Any CPU
		{B67958E7-6746-4C16-9353-A6AEA7A82FD7}.Debug|Any CPU.ActiveCfg = Debug|Any CPU
		{B67958E7-6746-4C16-9353-A6AEA7A82FD7}.Debug|Any CPU.Build.0 = Debug|Any CPU
		{B67958E7-6746-4C16-9353-A6AEA7A82FD7}.Release|Any CPU.ActiveCfg = Release|Any CPU
		{B67958E7-6746-4C16-9353-A6AEA7A82FD7}.Release|Any CPU.Build.0 = Release|Any CPU
		{1E5D70E3-1B87-4F8E-BE3A-3F93BBFB98F5}.Debug|Any CPU.ActiveCfg = Debug|Any CPU
		{1E5D70E3-1B87-4F8E-BE3A-3F93BBFB98F5}.Debug|Any CPU.Build.0 = Debug|Any CPU
		{1E5D70E3-1B87-4F8E-BE3A-3F93BBFB98F5}.Release|Any CPU.ActiveCfg = Release|Any CPU
		{1E5D70E3-1B87-4F8E-BE3A-3F93BBFB98F5}.Release|Any CPU.Build.0 = Release|Any CPU
		{601F9BE5-3165-4F0D-9527-750B84A772ED}.Debug|Any CPU.ActiveCfg = Debug|Any CPU
		{601F9BE5-3165-4F0D-9527-750B84A772ED}.Debug|Any CPU.Build.0 = Debug|Any CPU
		{601F9BE5-3165-4F0D-9527-750B84A772ED}.Release|Any CPU.ActiveCfg = Release|Any CPU
		{601F9BE5-3165-4F0D-9527-750B84A772ED}.Release|Any CPU.Build.0 = Release|Any CPU
	EndGlobalSection
	GlobalSection(SolutionProperties) = preSolution
		HideSolutionNode = FALSE
	EndGlobalSection
	GlobalSection(ExtensibilityGlobals) = postSolution
		SolutionGuid = {C30B4EB3-5DC5-4783-8DC3-AEBB9954622E}
	EndGlobalSection
EndGlobal
