
Microsoft Visual Studio Solution File, Format Version 12.00
# Visual Studio Version 17
VisualStudioVersion = 17.10.34916.146
MinimumVisualStudioVersion = 10.0.40219.1
Project("{FAE04EC0-301F-11D3-BF4B-00C04F79EFBC}") = "ConsoleApp1", "ConsoleApp1\ConsoleApp1.csproj", "{E73B1873-4C14-4B8B-8C12-F394E3183FB3}"
EndProject
Project("{FAE04EC0-301F-11D3-BF4B-00C04F79EFBC}") = "ConsoleApp2", "ConsoleApp2\ConsoleApp2.csproj", "{0C8D4336-BAFC-4218-A8F5-3290440A7A30}"
EndProject
Project("{FAE04EC0-301F-11D3-BF4B-00C04F79EFBC}") = "ConsoleApp3", "ConsoleApp3\ConsoleApp3.csproj", "{D839BBF2-00A3-4176-AFA7-00A3D067F052}"
EndProject
Project("{FAE04EC0-301F-11D3-BF4B-00C04F79EFBC}") = "ConsoleApp4", "ConsoleApp4\ConsoleApp4.csproj", "{126355F6-8CC4-4162-87A9-ABA45A08FD87}"
EndProject
Project("{FAE04EC0-301F-11D3-BF4B-00C04F79EFBC}") = "ConsoleApp5", "ConsoleApp5\ConsoleApp5.csproj", "{B67958E7-6746-4C16-9353-A6AEA7A82FD7}"
EndProject
Project("{FAE04EC0-301F-11D3-BF4B-00C04F79EFBC}") = "ConsoleApp6", "ConsoleApp6\ConsoleApp6.csproj", "{1E5D70E3-1B87-4F8E-BE3A-3F93BBFB98F5}"
EndProject
Project("{FAE04EC0-301F-11D3-BF4B-00C04F79EFBC}") = "ConsoleApp7", "ConsoleApp7\ConsoleApp7.csproj", "{601F9BE5-3165-4F0D-9527-750B84A772ED}"
EndProject
Project("{FAE04EC0-301F-11D3-BF4B-00C04F79EFBC}") = "ConsoleApp8", "ConsoleApp8\ConsoleApp8.csproj", "{384364D9-08FD-4725-BD34-E0233EA1860C}"
EndProject
Project("{FAE04EC0-301F-11D3-BF4B-00C04F79EFBC}") = "ConsoleApp9", "ConsoleApp9\ConsoleApp9.csproj", "{D616C550-A3BC-4FCD-A846-58024F711EC3}"
EndProject
Project("{FAE04EC0-301F-11D3-BF4B-00C04F79EFBC}") = "ConsoleApp10", "ConsoleApp10\ConsoleApp10.csproj", "{D4AF677A-07E0-44AF-A504-C0A4B9122B5B}"
EndProject
Project("{FAE04EC0-301F-11D3-BF4B-00C04F79EFBC}") = "ConsoleApp11", "ConsoleApp11\ConsoleApp11.csproj", "{0B040558-4BE9-4300-B60D-E121ECBE29CF}"
EndProject
Project("{FAE04EC0-301F-11D3-BF4B-00C04F79EFBC}") = "ConsoleRead01", "ConsoleRead01\ConsoleRead01.csproj", "{3F9FEDC9-B242-43A8-B854-36363BB3D54D}"
EndProject
Project("{FAE04EC0-301F-11D3-BF4B-00C04F79EFBC}") = "ConsoleReadLine01", "ConsoleReadLine01\ConsoleReadLine01.csproj", "{EF58F468-5396-4199-B8D7-E5B82D7451B8}"
EndProject
Project("{FAE04EC0-301F-11D3-BF4B-00C04F79EFBC}") = "ConsoleReadLine02", "ConsoleReadLine02\ConsoleReadLine02.csproj", "{B9C46B29-0534-4F8C-AED0-37858ED8B834}"
EndProject
Project("{FAE04EC0-301F-11D3-BF4B-00C04F79EFBC}") = "ConsoleApp12", "ConsoleApp12\ConsoleApp12.csproj", "{90C1F25D-B0D5-444E-ACD7-98D7BCD44086}"
EndProject
Project("{FAE04EC0-301F-11D3-BF4B-00C04F79EFBC}") = "ConsoleApp13", "ConsoleApp13\ConsoleApp13.csproj", "{186A5CA7-63ED-4F43-8AB1-5E2DA1E37000}"
EndProject
Project("{FAE04EC0-301F-11D3-BF4B-00C04F79EFBC}") = "ConsoleApp14", "ConsoleApp14\ConsoleApp14.csproj", "{CFA3555D-B173-482E-A425-D95CDEEAD9F8}"
EndProject
Project("{FAE04EC0-301F-11D3-BF4B-00C04F79EFBC}") = "ConsoleApp15", "ConsoleApp15\ConsoleApp15.csproj", "{5A2633DD-1B7F-44F4-8D46-5F8FE956C136}"
EndProject
Project("{FAE04EC0-301F-11D3-BF4B-00C04F79EFBC}") = "ConsoleApp16", "ConsoleApp16\ConsoleApp16.csproj", "{E2E562E1-36C6-450D-BC5C-E7E682D2994F}"
EndProject
Project("{FAE04EC0-301F-11D3-BF4B-00C04F79EFBC}") = "ConsoleApp17", "ConsoleApp17\ConsoleApp17.csproj", "{C9D9F615-82DA-45D8-A4D3-FC66808F6523}"
EndProject
Project("{FAE04EC0-301F-11D3-BF4B-00C04F79EFBC}") = "ConsoleApp18", "ConsoleApp18\ConsoleApp18.csproj", "{556ACAAA-373A-4EE2-BC6E-A82E052953C2}"
EndProject
Project("{FAE04EC0-301F-11D3-BF4B-00C04F79EFBC}") = "ConsoleApp19", "ConsoleApp19\ConsoleApp19.csproj", "{4EE047F8-D806-4E88-9FC8-2B47147F2A29}"
EndProject
Project("{FAE04EC0-301F-11D3-BF4B-00C04F79EFBC}") = "ConsoleApp20", "ConsoleApp20\ConsoleApp20.csproj", "{30C02953-55FD-4329-A78A-C4ECAB2CBF09}"
EndProject
Project("{FAE04EC0-301F-11D3-BF4B-00C04F79EFBC}") = "ConsoleApp21", "ConsoleApp21\ConsoleApp21.csproj", "{BD047A2C-5162-43BD-8859-745539A659BC}"
EndProject
Project("{FAE04EC0-301F-11D3-BF4B-00C04F79EFBC}") = "ConsoleApp22", "ConsoleApp22\ConsoleApp22.csproj", "{9BE7D3E0-3786-4334-9922-9804945F4951}"
EndProject
Project("{FAE04EC0-301F-11D3-BF4B-00C04F79EFBC}") = "ConsoleApp23", "ConsoleApp23\ConsoleApp23.csproj", "{746BA3C5-A00B-451E-8B2F-F030B07A8F80}"
EndProject
Project("{FAE04EC0-301F-11D3-BF4B-00C04F79EFBC}") = "ConsoleApp24", "ConsoleApp24\ConsoleApp24.csproj", "{8FEF2AD9-6142-4910-B979-450B87FF3A1D}"
EndProject
Project("{FAE04EC0-301F-11D3-BF4B-00C04F79EFBC}") = "Array1", "Array1\Array1.csproj", "{A19B70BC-8130-4F25-BCF9-380EAE7E2D65}"
EndProject
Project("{FAE04EC0-301F-11D3-BF4B-00C04F79EFBC}") = "Array2", "Array2\Array2.csproj", "{0B3A58EB-D936-484E-AF04-F65B2BC1B9F0}"
EndProject
Project("{FAE04EC0-301F-11D3-BF4B-00C04F79EFBC}") = "Array3", "Array3\Array3.csproj", "{45B05128-7CD2-4AB9-B02B-9A22667C6ABA}"
EndProject
Project("{FAE04EC0-301F-11D3-BF4B-00C04F79EFBC}") = "Array4", "Array4\Array4.csproj", "{5E02B755-8A73-4F26-B941-1B338454CCE7}"
EndProject
Project("{FAE04EC0-301F-11D3-BF4B-00C04F79EFBC}") = "Array5", "Array5\Array5.csproj", "{42DC578B-AE7D-47BC-96F8-8E1764495710}"
EndProject
Project("{FAE04EC0-301F-11D3-BF4B-00C04F79EFBC}") = "Array6", "Array6\Array6.csproj", "{7A646F6B-8935-40C2-8ED0-CAD38E2210B2}"
EndProject
Project("{FAE04EC0-301F-11D3-BF4B-00C04F79EFBC}") = "FileStream1", "FileStream1\FileStream1.csproj", "{AF4D6210-76C9-4360-A0E9-BC7F591F2FB9}"
EndProject
Project("{FAE04EC0-301F-11D3-BF4B-00C04F79EFBC}") = "FileStream2", "FileStream2\FileStream2.csproj", "{3E138D20-4097-43AA-891B-7E2BBB157E45}"
EndProject
Project("{FAE04EC0-301F-11D3-BF4B-00C04F79EFBC}") = "Split", "Split\Split.csproj", "{591BD6B0-825F-4EC8-801B-2EE0A21B0E80}"
EndProject
Project("{FAE04EC0-301F-11D3-BF4B-00C04F79EFBC}") = "FileStream3", "FileStream3\FileStream3.csproj", "{2240C285-0309-4D92-91B6-E8BDAC28F339}"
EndProject
Project("{FAE04EC0-301F-11D3-BF4B-00C04F79EFBC}") = "FileStream4", "FileStream4\FileStream4.csproj", "{D0D1C248-85AD-4803-A720-24657E67D55F}"
EndProject
Project("{FAE04EC0-301F-11D3-BF4B-00C04F79EFBC}") = "FileStream5", "FileStream5\FileStream5.csproj", "{E6192378-3030-445C-8E68-073A3A6DC9CC}"
EndProject
Project("{FAE04EC0-301F-11D3-BF4B-00C04F79EFBC}") = "FileStream6", "Serialization1\FileStream6.csproj", "{8657A0C8-43E8-4B2C-A914-571EA23AA9CD}"
EndProject
Project("{FAE04EC0-301F-11D3-BF4B-00C04F79EFBC}") = "FileStream7", "FileStream7\FileStream7.csproj", "{38CDE15C-EFAC-44D0-BF22-4247D406585C}"
EndProject
Project("{FAE04EC0-301F-11D3-BF4B-00C04F79EFBC}") = "FileStream8", "FileStream8\FileStream8.csproj", "{7D2E9F27-241E-47E9-AC93-F73BAA6EBA51}"
EndProject
Project("{FAE04EC0-301F-11D3-BF4B-00C04F79EFBC}") = "_7_1", "_7_1\_7_1.csproj", "{6A7E1037-33DA-4BFB-9449-43D7AEA5654D}"
EndProject
Project("{FAE04EC0-301F-11D3-BF4B-00C04F79EFBC}") = "Destructor", "Destructor\Destructor.csproj", "{ED6FA7DC-A7EB-469A-82F1-F32A5241F091}"
EndProject
Project("{FAE04EC0-301F-11D3-BF4B-00C04F79EFBC}") = "Static", "Static\Static.csproj", "{D3BB802E-EFA7-4DA0-A6C5-E909C4740F81}"
EndProject
Project("{FAE04EC0-301F-11D3-BF4B-00C04F79EFBC}") = "Static2", "Static2\Static2.csproj", "{F351C909-D3E2-455A-B544-D269CB0634D3}"
EndProject
Project("{FAE04EC0-301F-11D3-BF4B-00C04F79EFBC}") = "Property", "Property\Property.csproj", "{3B0CB92F-657C-4AF5-83BA-A978BDBE6BC5}"
EndProject
Project("{FAE04EC0-301F-11D3-BF4B-00C04F79EFBC}") = "Indexer", "Indexer\Indexer.csproj", "{718DE8F1-B3D4-4D4B-BF85-A6D6A3615AD5}"
EndProject
Project("{FAE04EC0-301F-11D3-BF4B-00C04F79EFBC}") = "Delegate", "Delegate\Delegate.csproj", "{B15F2BFB-5170-4718-AFFA-DC2457F7E157}"
EndProject
Project("{FAE04EC0-301F-11D3-BF4B-00C04F79EFBC}") = "MulticastDelegate", "MulticastDelegate\MulticastDelegate.csproj", "{017BE9B6-0FE2-4A76-B29F-BDEBAC8D1F11}"
EndProject
Project("{FAE04EC0-301F-11D3-BF4B-00C04F79EFBC}") = "Event", "Event\Event.csproj", "{FA028B7E-AEB5-4A43-9107-9FCB9D58813A}"
EndProject
Global
	GlobalSection(SolutionConfigurationPlatforms) = preSolution
		Debug|Any CPU = Debug|Any CPU
		Release|Any CPU = Release|Any CPU
	EndGlobalSection
	GlobalSection(ProjectConfigurationPlatforms) = postSolution
		{E73B1873-4C14-4B8B-8C12-F394E3183FB3}.Debug|Any CPU.ActiveCfg = Debug|Any CPU
		{E73B1873-4C14-4B8B-8C12-F394E3183FB3}.Debug|Any CPU.Build.0 = Debug|Any CPU
		{E73B1873-4C14-4B8B-8C12-F394E3183FB3}.Release|Any CPU.ActiveCfg = Release|Any CPU
		{E73B1873-4C14-4B8B-8C12-F394E3183FB3}.Release|Any CPU.Build.0 = Release|Any CPU
		{0C8D4336-BAFC-4218-A8F5-3290440A7A30}.Debug|Any CPU.ActiveCfg = Debug|Any CPU
		{0C8D4336-BAFC-4218-A8F5-3290440A7A30}.Debug|Any CPU.Build.0 = Debug|Any CPU
		{0C8D4336-BAFC-4218-A8F5-3290440A7A30}.Release|Any CPU.ActiveCfg = Release|Any CPU
		{0C8D4336-BAFC-4218-A8F5-3290440A7A30}.Release|Any CPU.Build.0 = Release|Any CPU
		{D839BBF2-00A3-4176-AFA7-00A3D067F052}.Debug|Any CPU.ActiveCfg = Debug|Any CPU
		{D839BBF2-00A3-4176-AFA7-00A3D067F052}.Debug|Any CPU.Build.0 = Debug|Any CPU
		{D839BBF2-00A3-4176-AFA7-00A3D067F052}.Release|Any CPU.ActiveCfg = Release|Any CPU
		{D839BBF2-00A3-4176-AFA7-00A3D067F052}.Release|Any CPU.Build.0 = Release|Any CPU
		{126355F6-8CC4-4162-87A9-ABA45A08FD87}.Debug|Any CPU.ActiveCfg = Debug|Any CPU
		{126355F6-8CC4-4162-87A9-ABA45A08FD87}.Debug|Any CPU.Build.0 = Debug|Any CPU
		{126355F6-8CC4-4162-87A9-ABA45A08FD87}.Release|Any CPU.ActiveCfg = Release|Any CPU
		{126355F6-8CC4-4162-87A9-ABA45A08FD87}.Release|Any CPU.Build.0 = Release|Any CPU
		{B67958E7-6746-4C16-9353-A6AEA7A82FD7}.Debug|Any CPU.ActiveCfg = Debug|Any CPU
		{B67958E7-6746-4C16-9353-A6AEA7A82FD7}.Debug|Any CPU.Build.0 = Debug|Any CPU
		{B67958E7-6746-4C16-9353-A6AEA7A82FD7}.Release|Any CPU.ActiveCfg = Release|Any CPU
		{B67958E7-6746-4C16-9353-A6AEA7A82FD7}.Release|Any CPU.Build.0 = Release|Any CPU
		{1E5D70E3-1B87-4F8E-BE3A-3F93BBFB98F5}.Debug|Any CPU.ActiveCfg = Debug|Any CPU
		{1E5D70E3-1B87-4F8E-BE3A-3F93BBFB98F5}.Debug|Any CPU.Build.0 = Debug|Any CPU
		{1E5D70E3-1B87-4F8E-BE3A-3F93BBFB98F5}.Release|Any CPU.ActiveCfg = Release|Any CPU
		{1E5D70E3-1B87-4F8E-BE3A-3F93BBFB98F5}.Release|Any CPU.Build.0 = Release|Any CPU
		{601F9BE5-3165-4F0D-9527-750B84A772ED}.Debug|Any CPU.ActiveCfg = Debug|Any CPU
		{601F9BE5-3165-4F0D-9527-750B84A772ED}.Debug|Any CPU.Build.0 = Debug|Any CPU
		{601F9BE5-3165-4F0D-9527-750B84A772ED}.Release|Any CPU.ActiveCfg = Release|Any CPU
		{601F9BE5-3165-4F0D-9527-750B84A772ED}.Release|Any CPU.Build.0 = Release|Any CPU
		{384364D9-08FD-4725-BD34-E0233EA1860C}.Debug|Any CPU.ActiveCfg = Debug|Any CPU
		{384364D9-08FD-4725-BD34-E0233EA1860C}.Debug|Any CPU.Build.0 = Debug|Any CPU
		{384364D9-08FD-4725-BD34-E0233EA1860C}.Release|Any CPU.ActiveCfg = Release|Any CPU
		{384364D9-08FD-4725-BD34-E0233EA1860C}.Release|Any CPU.Build.0 = Release|Any CPU
		{D616C550-A3BC-4FCD-A846-58024F711EC3}.Debug|Any CPU.ActiveCfg = Debug|Any CPU
		{D616C550-A3BC-4FCD-A846-58024F711EC3}.Debug|Any CPU.Build.0 = Debug|Any CPU
		{D616C550-A3BC-4FCD-A846-58024F711EC3}.Release|Any CPU.ActiveCfg = Release|Any CPU
		{D616C550-A3BC-4FCD-A846-58024F711EC3}.Release|Any CPU.Build.0 = Release|Any CPU
		{D4AF677A-07E0-44AF-A504-C0A4B9122B5B}.Debug|Any CPU.ActiveCfg = Debug|Any CPU
		{D4AF677A-07E0-44AF-A504-C0A4B9122B5B}.Debug|Any CPU.Build.0 = Debug|Any CPU
		{D4AF677A-07E0-44AF-A504-C0A4B9122B5B}.Release|Any CPU.ActiveCfg = Release|Any CPU
		{D4AF677A-07E0-44AF-A504-C0A4B9122B5B}.Release|Any CPU.Build.0 = Release|Any CPU
		{0B040558-4BE9-4300-B60D-E121ECBE29CF}.Debug|Any CPU.ActiveCfg = Debug|Any CPU
		{0B040558-4BE9-4300-B60D-E121ECBE29CF}.Debug|Any CPU.Build.0 = Debug|Any CPU
		{0B040558-4BE9-4300-B60D-E121ECBE29CF}.Release|Any CPU.ActiveCfg = Release|Any CPU
		{0B040558-4BE9-4300-B60D-E121ECBE29CF}.Release|Any CPU.Build.0 = Release|Any CPU
		{3F9FEDC9-B242-43A8-B854-36363BB3D54D}.Debug|Any CPU.ActiveCfg = Debug|Any CPU
		{3F9FEDC9-B242-43A8-B854-36363BB3D54D}.Debug|Any CPU.Build.0 = Debug|Any CPU
		{3F9FEDC9-B242-43A8-B854-36363BB3D54D}.Release|Any CPU.ActiveCfg = Release|Any CPU
		{3F9FEDC9-B242-43A8-B854-36363BB3D54D}.Release|Any CPU.Build.0 = Release|Any CPU
		{EF58F468-5396-4199-B8D7-E5B82D7451B8}.Debug|Any CPU.ActiveCfg = Debug|Any CPU
		{EF58F468-5396-4199-B8D7-E5B82D7451B8}.Debug|Any CPU.Build.0 = Debug|Any CPU
		{EF58F468-5396-4199-B8D7-E5B82D7451B8}.Release|Any CPU.ActiveCfg = Release|Any CPU
		{EF58F468-5396-4199-B8D7-E5B82D7451B8}.Release|Any CPU.Build.0 = Release|Any CPU
		{B9C46B29-0534-4F8C-AED0-37858ED8B834}.Debug|Any CPU.ActiveCfg = Debug|Any CPU
		{B9C46B29-0534-4F8C-AED0-37858ED8B834}.Debug|Any CPU.Build.0 = Debug|Any CPU
		{B9C46B29-0534-4F8C-AED0-37858ED8B834}.Release|Any CPU.ActiveCfg = Release|Any CPU
		{B9C46B29-0534-4F8C-AED0-37858ED8B834}.Release|Any CPU.Build.0 = Release|Any CPU
		{90C1F25D-B0D5-444E-ACD7-98D7BCD44086}.Debug|Any CPU.ActiveCfg = Debug|Any CPU
		{90C1F25D-B0D5-444E-ACD7-98D7BCD44086}.Debug|Any CPU.Build.0 = Debug|Any CPU
		{90C1F25D-B0D5-444E-ACD7-98D7BCD44086}.Release|Any CPU.ActiveCfg = Release|Any CPU
		{90C1F25D-B0D5-444E-ACD7-98D7BCD44086}.Release|Any CPU.Build.0 = Release|Any CPU
		{186A5CA7-63ED-4F43-8AB1-5E2DA1E37000}.Debug|Any CPU.ActiveCfg = Debug|Any CPU
		{186A5CA7-63ED-4F43-8AB1-5E2DA1E37000}.Debug|Any CPU.Build.0 = Debug|Any CPU
		{186A5CA7-63ED-4F43-8AB1-5E2DA1E37000}.Release|Any CPU.ActiveCfg = Release|Any CPU
		{186A5CA7-63ED-4F43-8AB1-5E2DA1E37000}.Release|Any CPU.Build.0 = Release|Any CPU
		{CFA3555D-B173-482E-A425-D95CDEEAD9F8}.Debug|Any CPU.ActiveCfg = Debug|Any CPU
		{CFA3555D-B173-482E-A425-D95CDEEAD9F8}.Debug|Any CPU.Build.0 = Debug|Any CPU
		{CFA3555D-B173-482E-A425-D95CDEEAD9F8}.Release|Any CPU.ActiveCfg = Release|Any CPU
		{CFA3555D-B173-482E-A425-D95CDEEAD9F8}.Release|Any CPU.Build.0 = Release|Any CPU
		{5A2633DD-1B7F-44F4-8D46-5F8FE956C136}.Debug|Any CPU.ActiveCfg = Debug|Any CPU
		{5A2633DD-1B7F-44F4-8D46-5F8FE956C136}.Debug|Any CPU.Build.0 = Debug|Any CPU
		{5A2633DD-1B7F-44F4-8D46-5F8FE956C136}.Release|Any CPU.ActiveCfg = Release|Any CPU
		{5A2633DD-1B7F-44F4-8D46-5F8FE956C136}.Release|Any CPU.Build.0 = Release|Any CPU
		{E2E562E1-36C6-450D-BC5C-E7E682D2994F}.Debug|Any CPU.ActiveCfg = Debug|Any CPU
		{E2E562E1-36C6-450D-BC5C-E7E682D2994F}.Debug|Any CPU.Build.0 = Debug|Any CPU
		{E2E562E1-36C6-450D-BC5C-E7E682D2994F}.Release|Any CPU.ActiveCfg = Release|Any CPU
		{E2E562E1-36C6-450D-BC5C-E7E682D2994F}.Release|Any CPU.Build.0 = Release|Any CPU
		{C9D9F615-82DA-45D8-A4D3-FC66808F6523}.Debug|Any CPU.ActiveCfg = Debug|Any CPU
		{C9D9F615-82DA-45D8-A4D3-FC66808F6523}.Debug|Any CPU.Build.0 = Debug|Any CPU
		{C9D9F615-82DA-45D8-A4D3-FC66808F6523}.Release|Any CPU.ActiveCfg = Release|Any CPU
		{C9D9F615-82DA-45D8-A4D3-FC66808F6523}.Release|Any CPU.Build.0 = Release|Any CPU
		{556ACAAA-373A-4EE2-BC6E-A82E052953C2}.Debug|Any CPU.ActiveCfg = Debug|Any CPU
		{556ACAAA-373A-4EE2-BC6E-A82E052953C2}.Debug|Any CPU.Build.0 = Debug|Any CPU
		{556ACAAA-373A-4EE2-BC6E-A82E052953C2}.Release|Any CPU.ActiveCfg = Release|Any CPU
		{556ACAAA-373A-4EE2-BC6E-A82E052953C2}.Release|Any CPU.Build.0 = Release|Any CPU
		{4EE047F8-D806-4E88-9FC8-2B47147F2A29}.Debug|Any CPU.ActiveCfg = Debug|Any CPU
		{4EE047F8-D806-4E88-9FC8-2B47147F2A29}.Debug|Any CPU.Build.0 = Debug|Any CPU
		{4EE047F8-D806-4E88-9FC8-2B47147F2A29}.Release|Any CPU.ActiveCfg = Release|Any CPU
		{4EE047F8-D806-4E88-9FC8-2B47147F2A29}.Release|Any CPU.Build.0 = Release|Any CPU
		{30C02953-55FD-4329-A78A-C4ECAB2CBF09}.Debug|Any CPU.ActiveCfg = Debug|Any CPU
		{30C02953-55FD-4329-A78A-C4ECAB2CBF09}.Debug|Any CPU.Build.0 = Debug|Any CPU
		{30C02953-55FD-4329-A78A-C4ECAB2CBF09}.Release|Any CPU.ActiveCfg = Release|Any CPU
		{30C02953-55FD-4329-A78A-C4ECAB2CBF09}.Release|Any CPU.Build.0 = Release|Any CPU
		{BD047A2C-5162-43BD-8859-745539A659BC}.Debug|Any CPU.ActiveCfg = Debug|Any CPU
		{BD047A2C-5162-43BD-8859-745539A659BC}.Debug|Any CPU.Build.0 = Debug|Any CPU
		{BD047A2C-5162-43BD-8859-745539A659BC}.Release|Any CPU.ActiveCfg = Release|Any CPU
		{BD047A2C-5162-43BD-8859-745539A659BC}.Release|Any CPU.Build.0 = Release|Any CPU
		{9BE7D3E0-3786-4334-9922-9804945F4951}.Debug|Any CPU.ActiveCfg = Debug|Any CPU
		{9BE7D3E0-3786-4334-9922-9804945F4951}.Debug|Any CPU.Build.0 = Debug|Any CPU
		{9BE7D3E0-3786-4334-9922-9804945F4951}.Release|Any CPU.ActiveCfg = Release|Any CPU
		{9BE7D3E0-3786-4334-9922-9804945F4951}.Release|Any CPU.Build.0 = Release|Any CPU
		{746BA3C5-A00B-451E-8B2F-F030B07A8F80}.Debug|Any CPU.ActiveCfg = Debug|Any CPU
		{746BA3C5-A00B-451E-8B2F-F030B07A8F80}.Debug|Any CPU.Build.0 = Debug|Any CPU
		{746BA3C5-A00B-451E-8B2F-F030B07A8F80}.Release|Any CPU.ActiveCfg = Release|Any CPU
		{746BA3C5-A00B-451E-8B2F-F030B07A8F80}.Release|Any CPU.Build.0 = Release|Any CPU
		{8FEF2AD9-6142-4910-B979-450B87FF3A1D}.Debug|Any CPU.ActiveCfg = Debug|Any CPU
		{8FEF2AD9-6142-4910-B979-450B87FF3A1D}.Debug|Any CPU.Build.0 = Debug|Any CPU
		{8FEF2AD9-6142-4910-B979-450B87FF3A1D}.Release|Any CPU.ActiveCfg = Release|Any CPU
		{8FEF2AD9-6142-4910-B979-450B87FF3A1D}.Release|Any CPU.Build.0 = Release|Any CPU
		{A19B70BC-8130-4F25-BCF9-380EAE7E2D65}.Debug|Any CPU.ActiveCfg = Debug|Any CPU
		{A19B70BC-8130-4F25-BCF9-380EAE7E2D65}.Debug|Any CPU.Build.0 = Debug|Any CPU
		{A19B70BC-8130-4F25-BCF9-380EAE7E2D65}.Release|Any CPU.ActiveCfg = Release|Any CPU
		{A19B70BC-8130-4F25-BCF9-380EAE7E2D65}.Release|Any CPU.Build.0 = Release|Any CPU
		{0B3A58EB-D936-484E-AF04-F65B2BC1B9F0}.Debug|Any CPU.ActiveCfg = Debug|Any CPU
		{0B3A58EB-D936-484E-AF04-F65B2BC1B9F0}.Debug|Any CPU.Build.0 = Debug|Any CPU
		{0B3A58EB-D936-484E-AF04-F65B2BC1B9F0}.Release|Any CPU.ActiveCfg = Release|Any CPU
		{0B3A58EB-D936-484E-AF04-F65B2BC1B9F0}.Release|Any CPU.Build.0 = Release|Any CPU
		{45B05128-7CD2-4AB9-B02B-9A22667C6ABA}.Debug|Any CPU.ActiveCfg = Debug|Any CPU
		{45B05128-7CD2-4AB9-B02B-9A22667C6ABA}.Debug|Any CPU.Build.0 = Debug|Any CPU
		{45B05128-7CD2-4AB9-B02B-9A22667C6ABA}.Release|Any CPU.ActiveCfg = Release|Any CPU
		{45B05128-7CD2-4AB9-B02B-9A22667C6ABA}.Release|Any CPU.Build.0 = Release|Any CPU
		{5E02B755-8A73-4F26-B941-1B338454CCE7}.Debug|Any CPU.ActiveCfg = Debug|Any CPU
		{5E02B755-8A73-4F26-B941-1B338454CCE7}.Debug|Any CPU.Build.0 = Debug|Any CPU
		{5E02B755-8A73-4F26-B941-1B338454CCE7}.Release|Any CPU.ActiveCfg = Release|Any CPU
		{5E02B755-8A73-4F26-B941-1B338454CCE7}.Release|Any CPU.Build.0 = Release|Any CPU
		{42DC578B-AE7D-47BC-96F8-8E1764495710}.Debug|Any CPU.ActiveCfg = Debug|Any CPU
		{42DC578B-AE7D-47BC-96F8-8E1764495710}.Debug|Any CPU.Build.0 = Debug|Any CPU
		{42DC578B-AE7D-47BC-96F8-8E1764495710}.Release|Any CPU.ActiveCfg = Release|Any CPU
		{42DC578B-AE7D-47BC-96F8-8E1764495710}.Release|Any CPU.Build.0 = Release|Any CPU
		{7A646F6B-8935-40C2-8ED0-CAD38E2210B2}.Debug|Any CPU.ActiveCfg = Debug|Any CPU
		{7A646F6B-8935-40C2-8ED0-CAD38E2210B2}.Debug|Any CPU.Build.0 = Debug|Any CPU
		{7A646F6B-8935-40C2-8ED0-CAD38E2210B2}.Release|Any CPU.ActiveCfg = Release|Any CPU
		{7A646F6B-8935-40C2-8ED0-CAD38E2210B2}.Release|Any CPU.Build.0 = Release|Any CPU
		{AF4D6210-76C9-4360-A0E9-BC7F591F2FB9}.Debug|Any CPU.ActiveCfg = Debug|Any CPU
		{AF4D6210-76C9-4360-A0E9-BC7F591F2FB9}.Debug|Any CPU.Build.0 = Debug|Any CPU
		{AF4D6210-76C9-4360-A0E9-BC7F591F2FB9}.Release|Any CPU.ActiveCfg = Release|Any CPU
		{AF4D6210-76C9-4360-A0E9-BC7F591F2FB9}.Release|Any CPU.Build.0 = Release|Any CPU
		{3E138D20-4097-43AA-891B-7E2BBB157E45}.Debug|Any CPU.ActiveCfg = Debug|Any CPU
		{3E138D20-4097-43AA-891B-7E2BBB157E45}.Debug|Any CPU.Build.0 = Debug|Any CPU
		{3E138D20-4097-43AA-891B-7E2BBB157E45}.Release|Any CPU.ActiveCfg = Release|Any CPU
		{3E138D20-4097-43AA-891B-7E2BBB157E45}.Release|Any CPU.Build.0 = Release|Any CPU
		{591BD6B0-825F-4EC8-801B-2EE0A21B0E80}.Debug|Any CPU.ActiveCfg = Debug|Any CPU
		{591BD6B0-825F-4EC8-801B-2EE0A21B0E80}.Debug|Any CPU.Build.0 = Debug|Any CPU
		{591BD6B0-825F-4EC8-801B-2EE0A21B0E80}.Release|Any CPU.ActiveCfg = Release|Any CPU
		{591BD6B0-825F-4EC8-801B-2EE0A21B0E80}.Release|Any CPU.Build.0 = Release|Any CPU
		{2240C285-0309-4D92-91B6-E8BDAC28F339}.Debug|Any CPU.ActiveCfg = Debug|Any CPU
		{2240C285-0309-4D92-91B6-E8BDAC28F339}.Debug|Any CPU.Build.0 = Debug|Any CPU
		{2240C285-0309-4D92-91B6-E8BDAC28F339}.Release|Any CPU.ActiveCfg = Release|Any CPU
		{2240C285-0309-4D92-91B6-E8BDAC28F339}.Release|Any CPU.Build.0 = Release|Any CPU
		{D0D1C248-85AD-4803-A720-24657E67D55F}.Debug|Any CPU.ActiveCfg = Debug|Any CPU
		{D0D1C248-85AD-4803-A720-24657E67D55F}.Debug|Any CPU.Build.0 = Debug|Any CPU
		{D0D1C248-85AD-4803-A720-24657E67D55F}.Release|Any CPU.ActiveCfg = Release|Any CPU
		{D0D1C248-85AD-4803-A720-24657E67D55F}.Release|Any CPU.Build.0 = Release|Any CPU
		{E6192378-3030-445C-8E68-073A3A6DC9CC}.Debug|Any CPU.ActiveCfg = Debug|Any CPU
		{E6192378-3030-445C-8E68-073A3A6DC9CC}.Debug|Any CPU.Build.0 = Debug|Any CPU
		{E6192378-3030-445C-8E68-073A3A6DC9CC}.Release|Any CPU.ActiveCfg = Release|Any CPU
		{E6192378-3030-445C-8E68-073A3A6DC9CC}.Release|Any CPU.Build.0 = Release|Any CPU
		{8657A0C8-43E8-4B2C-A914-571EA23AA9CD}.Debug|Any CPU.ActiveCfg = Debug|Any CPU
		{8657A0C8-43E8-4B2C-A914-571EA23AA9CD}.Debug|Any CPU.Build.0 = Debug|Any CPU
		{8657A0C8-43E8-4B2C-A914-571EA23AA9CD}.Release|Any CPU.ActiveCfg = Release|Any CPU
		{8657A0C8-43E8-4B2C-A914-571EA23AA9CD}.Release|Any CPU.Build.0 = Release|Any CPU
		{38CDE15C-EFAC-44D0-BF22-4247D406585C}.Debug|Any CPU.ActiveCfg = Debug|Any CPU
		{38CDE15C-EFAC-44D0-BF22-4247D406585C}.Debug|Any CPU.Build.0 = Debug|Any CPU
		{38CDE15C-EFAC-44D0-BF22-4247D406585C}.Release|Any CPU.ActiveCfg = Release|Any CPU
		{38CDE15C-EFAC-44D0-BF22-4247D406585C}.Release|Any CPU.Build.0 = Release|Any CPU
		{7D2E9F27-241E-47E9-AC93-F73BAA6EBA51}.Debug|Any CPU.ActiveCfg = Debug|Any CPU
		{7D2E9F27-241E-47E9-AC93-F73BAA6EBA51}.Debug|Any CPU.Build.0 = Debug|Any CPU
		{7D2E9F27-241E-47E9-AC93-F73BAA6EBA51}.Release|Any CPU.ActiveCfg = Release|Any CPU
		{7D2E9F27-241E-47E9-AC93-F73BAA6EBA51}.Release|Any CPU.Build.0 = Release|Any CPU
		{6A7E1037-33DA-4BFB-9449-43D7AEA5654D}.Debug|Any CPU.ActiveCfg = Debug|Any CPU
		{6A7E1037-33DA-4BFB-9449-43D7AEA5654D}.Debug|Any CPU.Build.0 = Debug|Any CPU
		{6A7E1037-33DA-4BFB-9449-43D7AEA5654D}.Release|Any CPU.ActiveCfg = Release|Any CPU
		{6A7E1037-33DA-4BFB-9449-43D7AEA5654D}.Release|Any CPU.Build.0 = Release|Any CPU
		{ED6FA7DC-A7EB-469A-82F1-F32A5241F091}.Debug|Any CPU.ActiveCfg = Debug|Any CPU
		{ED6FA7DC-A7EB-469A-82F1-F32A5241F091}.Debug|Any CPU.Build.0 = Debug|Any CPU
		{ED6FA7DC-A7EB-469A-82F1-F32A5241F091}.Release|Any CPU.ActiveCfg = Release|Any CPU
		{ED6FA7DC-A7EB-469A-82F1-F32A5241F091}.Release|Any CPU.Build.0 = Release|Any CPU
		{D3BB802E-EFA7-4DA0-A6C5-E909C4740F81}.Debug|Any CPU.ActiveCfg = Debug|Any CPU
		{D3BB802E-EFA7-4DA0-A6C5-E909C4740F81}.Debug|Any CPU.Build.0 = Debug|Any CPU
		{D3BB802E-EFA7-4DA0-A6C5-E909C4740F81}.Release|Any CPU.ActiveCfg = Release|Any CPU
		{D3BB802E-EFA7-4DA0-A6C5-E909C4740F81}.Release|Any CPU.Build.0 = Release|Any CPU
		{F351C909-D3E2-455A-B544-D269CB0634D3}.Debug|Any CPU.ActiveCfg = Debug|Any CPU
		{F351C909-D3E2-455A-B544-D269CB0634D3}.Debug|Any CPU.Build.0 = Debug|Any CPU
		{F351C909-D3E2-455A-B544-D269CB0634D3}.Release|Any CPU.ActiveCfg = Release|Any CPU
		{F351C909-D3E2-455A-B544-D269CB0634D3}.Release|Any CPU.Build.0 = Release|Any CPU
		{3B0CB92F-657C-4AF5-83BA-A978BDBE6BC5}.Debug|Any CPU.ActiveCfg = Debug|Any CPU
		{3B0CB92F-657C-4AF5-83BA-A978BDBE6BC5}.Debug|Any CPU.Build.0 = Debug|Any CPU
		{3B0CB92F-657C-4AF5-83BA-A978BDBE6BC5}.Release|Any CPU.ActiveCfg = Release|Any CPU
		{3B0CB92F-657C-4AF5-83BA-A978BDBE6BC5}.Release|Any CPU.Build.0 = Release|Any CPU
		{718DE8F1-B3D4-4D4B-BF85-A6D6A3615AD5}.Debug|Any CPU.ActiveCfg = Debug|Any CPU
		{718DE8F1-B3D4-4D4B-BF85-A6D6A3615AD5}.Debug|Any CPU.Build.0 = Debug|Any CPU
		{718DE8F1-B3D4-4D4B-BF85-A6D6A3615AD5}.Release|Any CPU.ActiveCfg = Release|Any CPU
		{718DE8F1-B3D4-4D4B-BF85-A6D6A3615AD5}.Release|Any CPU.Build.0 = Release|Any CPU
		{B15F2BFB-5170-4718-AFFA-DC2457F7E157}.Debug|Any CPU.ActiveCfg = Debug|Any CPU
		{B15F2BFB-5170-4718-AFFA-DC2457F7E157}.Debug|Any CPU.Build.0 = Debug|Any CPU
		{B15F2BFB-5170-4718-AFFA-DC2457F7E157}.Release|Any CPU.ActiveCfg = Release|Any CPU
		{B15F2BFB-5170-4718-AFFA-DC2457F7E157}.Release|Any CPU.Build.0 = Release|Any CPU
		{017BE9B6-0FE2-4A76-B29F-BDEBAC8D1F11}.Debug|Any CPU.ActiveCfg = Debug|Any CPU
		{017BE9B6-0FE2-4A76-B29F-BDEBAC8D1F11}.Debug|Any CPU.Build.0 = Debug|Any CPU
		{017BE9B6-0FE2-4A76-B29F-BDEBAC8D1F11}.Release|Any CPU.ActiveCfg = Release|Any CPU
		{017BE9B6-0FE2-4A76-B29F-BDEBAC8D1F11}.Release|Any CPU.Build.0 = Release|Any CPU
		{FA028B7E-AEB5-4A43-9107-9FCB9D58813A}.Debug|Any CPU.ActiveCfg = Debug|Any CPU
		{FA028B7E-AEB5-4A43-9107-9FCB9D58813A}.Debug|Any CPU.Build.0 = Debug|Any CPU
		{FA028B7E-AEB5-4A43-9107-9FCB9D58813A}.Release|Any CPU.ActiveCfg = Release|Any CPU
		{FA028B7E-AEB5-4A43-9107-9FCB9D58813A}.Release|Any CPU.Build.0 = Release|Any CPU
	EndGlobalSection
	GlobalSection(SolutionProperties) = preSolution
		HideSolutionNode = FALSE
	EndGlobalSection
	GlobalSection(ExtensibilityGlobals) = postSolution
		SolutionGuid = {C30B4EB3-5DC5-4783-8DC3-AEBB9954622E}
	EndGlobalSection
EndGlobal
